
Microsoft Visual Studio Solution File, Format Version 12.00
# Visual Studio Version 17
VisualStudioVersion = 17.7.34202.233
MinimumVisualStudioVersion = 10.0.40219.1
Project("{9A19103F-16F7-4668-BE54-9A1E7A4F7556}") = "ASp_MVC", "ASp_MVC\ASp_MVC.csproj", "{09BD08E5-A5DE-443A-A59D-D5A4FDCC4B4F}"
EndProject
Global
	GlobalSection(SolutionConfigurationPlatforms) = preSolution
		Debug|Any CPU = Debug|Any CPU
		Release|Any CPU = Release|Any CPU
	EndGlobalSection
	GlobalSection(ProjectConfigurationPlatforms) = postSolution
		{09BD08E5-A5DE-443A-A59D-D5A4FDCC4B4F}.Debug|Any CPU.ActiveCfg = Debug|Any CPU
		{09BD08E5-A5DE-443A-A59D-D5A4FDCC4B4F}.Debug|Any CPU.Build.0 = Debug|Any CPU
		{09BD08E5-A5DE-443A-A59D-D5A4FDCC4B4F}.Release|Any CPU.ActiveCfg = Release|Any CPU
		{09BD08E5-A5DE-443A-A59D-D5A4FDCC4B4F}.Release|Any CPU.Build.0 = Release|Any CPU
	EndGlobalSection
	GlobalSection(SolutionProperties) = preSolution
		HideSolutionNode = FALSE
	EndGlobalSection
	GlobalSection(ExtensibilityGlobals) = postSolution
		SolutionGuid = {ABE84343-08DF-41D0-BD7C-007BC5942183}
	EndGlobalSection
EndGlobal
