
Microsoft Visual Studio Solution File, Format Version 12.00
# Visual Studio Version 17
VisualStudioVersion = 17.7.34202.233
MinimumVisualStudioVersion = 10.0.40219.1
Project("{FAE04EC0-301F-11D3-BF4B-00C04F79EFBC}") = "ASp_Lr12_new", "ASp_Lr12_new\ASp_Lr12_new.csproj", "{976F6FC6-6138-40B7-9953-8ACD37A1E2F3}"
EndProject
Global
	GlobalSection(SolutionConfigurationPlatforms) = preSolution
		Debug|Any CPU = Debug|Any CPU
		Release|Any CPU = Release|Any CPU
	EndGlobalSection
	GlobalSection(ProjectConfigurationPlatforms) = postSolution
		{976F6FC6-6138-40B7-9953-8ACD37A1E2F3}.Debug|Any CPU.ActiveCfg = Debug|Any CPU
		{976F6FC6-6138-40B7-9953-8ACD37A1E2F3}.Debug|Any CPU.Build.0 = Debug|Any CPU
		{976F6FC6-6138-40B7-9953-8ACD37A1E2F3}.Release|Any CPU.ActiveCfg = Release|Any CPU
		{976F6FC6-6138-40B7-9953-8ACD37A1E2F3}.Release|Any CPU.Build.0 = Release|Any CPU
	EndGlobalSection
	GlobalSection(SolutionProperties) = preSolution
		HideSolutionNode = FALSE
	EndGlobalSection
	GlobalSection(ExtensibilityGlobals) = postSolution
		SolutionGuid = {394FA8F1-0744-4BC7-9435-95D8EEF2F339}
	EndGlobalSection
EndGlobal
